
Microsoft Visual Studio Solution File, Format Version 12.00
# Visual Studio 15
VisualStudioVersion = 15.0.28010.2026
MinimumVisualStudioVersion = 10.0.40219.1
Project("{FAE04EC0-301F-11D3-BF4B-00C04F79EFBC}") = "Lab1A", "Lab1A\Lab1A.csproj", "{21718776-F37B-4624-870F-1A87362E235B}"
EndProject
Global
	GlobalSection(SolutionConfigurationPlatforms) = preSolution
		Debug|Any CPU = Debug|Any CPU
		Release|Any CPU = Release|Any CPU
	EndGlobalSection
	GlobalSection(ProjectConfigurationPlatforms) = postSolution
		{21718776-F37B-4624-870F-1A87362E235B}.Debug|Any CPU.ActiveCfg = Debug|Any CPU
		{21718776-F37B-4624-870F-1A87362E235B}.Debug|Any CPU.Build.0 = Debug|Any CPU
		{21718776-F37B-4624-870F-1A87362E235B}.Release|Any CPU.ActiveCfg = Release|Any CPU
		{21718776-F37B-4624-870F-1A87362E235B}.Release|Any CPU.Build.0 = Release|Any CPU
	EndGlobalSection
	GlobalSection(SolutionProperties) = preSolution
		HideSolutionNode = FALSE
	EndGlobalSection
	GlobalSection(ExtensibilityGlobals) = postSolution
		SolutionGuid = {B06598BC-95EC-4DD5-BFA5-24372F859382}
	EndGlobalSection
EndGlobal
